
Microsoft Visual Studio Solution File, Format Version 12.00
# Visual Studio Version 16
VisualStudioVersion = 16.0.31729.503
MinimumVisualStudioVersion = 10.0.40219.1
Project("{8BC9CEB8-8B4A-11D0-8D11-00A0C91BC942}") = "LAB3", "LAB3\LAB3.vcxproj", "{23DA4A8A-9ADE-4EE8-B128-17E3C7DDD5D7}"
EndProject
Project("{8BC9CEB8-8B4A-11D0-8D11-00A0C91BC942}") = "LAB4", "LAB4\LAB4.vcxproj", "{DA0C6CDE-8A05-4BAC-A0E1-08E0676ADF6D}"
EndProject
Project("{8BC9CEB8-8B4A-11D0-8D11-00A0C91BC942}") = "LAB5", "LAB5\LAB5.vcxproj", "{6D0E09BB-3B06-4DC3-827B-18C669D5BC5E}"
EndProject
Project("{8BC9CEB8-8B4A-11D0-8D11-00A0C91BC942}") = "SNAKE_A", "SNAKE_A\SNAKE_A.vcxproj", "{18FEF260-4689-4DFC-9933-89C95191D7CF}"
EndProject
Project("{8BC9CEB8-8B4A-11D0-8D11-00A0C91BC942}") = "C110_LAB1", "C110_LAB1\C110_LAB1.vcxproj", "{D18B27A3-29E7-4C8F-B8F9-4552D0A5B506}"
EndProject
Project("{8BC9CEB8-8B4A-11D0-8D11-00A0C91BC942}") = "C110_LAB2", "C110_LAB2\C110_LAB2.vcxproj", "{4A70E9DF-FC16-4309-B041-0876A5693E09}"
EndProject
Project("{8BC9CEB8-8B4A-11D0-8D11-00A0C91BC942}") = "C110_LAB3", "C110_LAB3\C110_LAB3.vcxproj", "{BCB9DAE5-D842-4960-AF38-0FD1C4460DCA}"
EndProject
Project("{8BC9CEB8-8B4A-11D0-8D11-00A0C91BC942}") = "C110_LAB4", "C110_LAB4\C110_LAB4.vcxproj", "{C584A506-BCCC-484E-B144-8857AC671A3C}"
EndProject
Global
	GlobalSection(SolutionConfigurationPlatforms) = preSolution
		Debug|x64 = Debug|x64
		Debug|x86 = Debug|x86
		Release|x64 = Release|x64
		Release|x86 = Release|x86
	EndGlobalSection
	GlobalSection(ProjectConfigurationPlatforms) = postSolution
		{23DA4A8A-9ADE-4EE8-B128-17E3C7DDD5D7}.Debug|x64.ActiveCfg = Debug|x64
		{23DA4A8A-9ADE-4EE8-B128-17E3C7DDD5D7}.Debug|x64.Build.0 = Debug|x64
		{23DA4A8A-9ADE-4EE8-B128-17E3C7DDD5D7}.Debug|x86.ActiveCfg = Debug|Win32
		{23DA4A8A-9ADE-4EE8-B128-17E3C7DDD5D7}.Debug|x86.Build.0 = Debug|Win32
		{23DA4A8A-9ADE-4EE8-B128-17E3C7DDD5D7}.Release|x64.ActiveCfg = Release|x64
		{23DA4A8A-9ADE-4EE8-B128-17E3C7DDD5D7}.Release|x64.Build.0 = Release|x64
		{23DA4A8A-9ADE-4EE8-B128-17E3C7DDD5D7}.Release|x86.ActiveCfg = Release|Win32
		{23DA4A8A-9ADE-4EE8-B128-17E3C7DDD5D7}.Release|x86.Build.0 = Release|Win32
		{DA0C6CDE-8A05-4BAC-A0E1-08E0676ADF6D}.Debug|x64.ActiveCfg = Debug|x64
		{DA0C6CDE-8A05-4BAC-A0E1-08E0676ADF6D}.Debug|x64.Build.0 = Debug|x64
		{DA0C6CDE-8A05-4BAC-A0E1-08E0676ADF6D}.Debug|x86.ActiveCfg = Debug|Win32
		{DA0C6CDE-8A05-4BAC-A0E1-08E0676ADF6D}.Debug|x86.Build.0 = Debug|Win32
		{DA0C6CDE-8A05-4BAC-A0E1-08E0676ADF6D}.Release|x64.ActiveCfg = Release|x64
		{DA0C6CDE-8A05-4BAC-A0E1-08E0676ADF6D}.Release|x64.Build.0 = Release|x64
		{DA0C6CDE-8A05-4BAC-A0E1-08E0676ADF6D}.Release|x86.ActiveCfg = Release|Win32
		{DA0C6CDE-8A05-4BAC-A0E1-08E0676ADF6D}.Release|x86.Build.0 = Release|Win32
		{6D0E09BB-3B06-4DC3-827B-18C669D5BC5E}.Debug|x64.ActiveCfg = Debug|x64
		{6D0E09BB-3B06-4DC3-827B-18C669D5BC5E}.Debug|x64.Build.0 = Debug|x64
		{6D0E09BB-3B06-4DC3-827B-18C669D5BC5E}.Debug|x86.ActiveCfg = Debug|Win32
		{6D0E09BB-3B06-4DC3-827B-18C669D5BC5E}.Debug|x86.Build.0 = Debug|Win32
		{6D0E09BB-3B06-4DC3-827B-18C669D5BC5E}.Release|x64.ActiveCfg = Release|x64
		{6D0E09BB-3B06-4DC3-827B-18C669D5BC5E}.Release|x64.Build.0 = Release|x64
		{6D0E09BB-3B06-4DC3-827B-18C669D5BC5E}.Release|x86.ActiveCfg = Release|Win32
		{6D0E09BB-3B06-4DC3-827B-18C669D5BC5E}.Release|x86.Build.0 = Release|Win32
		{18FEF260-4689-4DFC-9933-89C95191D7CF}.Debug|x64.ActiveCfg = Debug|x64
		{18FEF260-4689-4DFC-9933-89C95191D7CF}.Debug|x64.Build.0 = Debug|x64
		{18FEF260-4689-4DFC-9933-89C95191D7CF}.Debug|x86.ActiveCfg = Debug|Win32
		{18FEF260-4689-4DFC-9933-89C95191D7CF}.Debug|x86.Build.0 = Debug|Win32
		{18FEF260-4689-4DFC-9933-89C95191D7CF}.Release|x64.ActiveCfg = Release|x64
		{18FEF260-4689-4DFC-9933-89C95191D7CF}.Release|x64.Build.0 = Release|x64
		{18FEF260-4689-4DFC-9933-89C95191D7CF}.Release|x86.ActiveCfg = Release|Win32
		{18FEF260-4689-4DFC-9933-89C95191D7CF}.Release|x86.Build.0 = Release|Win32
		{D18B27A3-29E7-4C8F-B8F9-4552D0A5B506}.Debug|x64.ActiveCfg = Debug|x64
		{D18B27A3-29E7-4C8F-B8F9-4552D0A5B506}.Debug|x64.Build.0 = Debug|x64
		{D18B27A3-29E7-4C8F-B8F9-4552D0A5B506}.Debug|x86.ActiveCfg = Debug|Win32
		{D18B27A3-29E7-4C8F-B8F9-4552D0A5B506}.Debug|x86.Build.0 = Debug|Win32
		{D18B27A3-29E7-4C8F-B8F9-4552D0A5B506}.Release|x64.ActiveCfg = Release|x64
		{D18B27A3-29E7-4C8F-B8F9-4552D0A5B506}.Release|x64.Build.0 = Release|x64
		{D18B27A3-29E7-4C8F-B8F9-4552D0A5B506}.Release|x86.ActiveCfg = Release|Win32
		{D18B27A3-29E7-4C8F-B8F9-4552D0A5B506}.Release|x86.Build.0 = Release|Win32
		{4A70E9DF-FC16-4309-B041-0876A5693E09}.Debug|x64.ActiveCfg = Debug|x64
		{4A70E9DF-FC16-4309-B041-0876A5693E09}.Debug|x64.Build.0 = Debug|x64
		{4A70E9DF-FC16-4309-B041-0876A5693E09}.Debug|x86.ActiveCfg = Debug|Win32
		{4A70E9DF-FC16-4309-B041-0876A5693E09}.Debug|x86.Build.0 = Debug|Win32
		{4A70E9DF-FC16-4309-B041-0876A5693E09}.Release|x64.ActiveCfg = Release|x64
		{4A70E9DF-FC16-4309-B041-0876A5693E09}.Release|x64.Build.0 = Release|x64
		{4A70E9DF-FC16-4309-B041-0876A5693E09}.Release|x86.ActiveCfg = Release|Win32
		{4A70E9DF-FC16-4309-B041-0876A5693E09}.Release|x86.Build.0 = Release|Win32
		{BCB9DAE5-D842-4960-AF38-0FD1C4460DCA}.Debug|x64.ActiveCfg = Debug|x64
		{BCB9DAE5-D842-4960-AF38-0FD1C4460DCA}.Debug|x64.Build.0 = Debug|x64
		{BCB9DAE5-D842-4960-AF38-0FD1C4460DCA}.Debug|x86.ActiveCfg = Debug|Win32
		{BCB9DAE5-D842-4960-AF38-0FD1C4460DCA}.Debug|x86.Build.0 = Debug|Win32
		{BCB9DAE5-D842-4960-AF38-0FD1C4460DCA}.Release|x64.ActiveCfg = Release|x64
		{BCB9DAE5-D842-4960-AF38-0FD1C4460DCA}.Release|x64.Build.0 = Release|x64
		{BCB9DAE5-D842-4960-AF38-0FD1C4460DCA}.Release|x86.ActiveCfg = Release|Win32
		{BCB9DAE5-D842-4960-AF38-0FD1C4460DCA}.Release|x86.Build.0 = Release|Win32
		{C584A506-BCCC-484E-B144-8857AC671A3C}.Debug|x64.ActiveCfg = Debug|x64
		{C584A506-BCCC-484E-B144-8857AC671A3C}.Debug|x64.Build.0 = Debug|x64
		{C584A506-BCCC-484E-B144-8857AC671A3C}.Debug|x86.ActiveCfg = Debug|Win32
		{C584A506-BCCC-484E-B144-8857AC671A3C}.Debug|x86.Build.0 = Debug|Win32
		{C584A506-BCCC-484E-B144-8857AC671A3C}.Release|x64.ActiveCfg = Release|x64
		{C584A506-BCCC-484E-B144-8857AC671A3C}.Release|x64.Build.0 = Release|x64
		{C584A506-BCCC-484E-B144-8857AC671A3C}.Release|x86.ActiveCfg = Release|Win32
		{C584A506-BCCC-484E-B144-8857AC671A3C}.Release|x86.Build.0 = Release|Win32
	EndGlobalSection
	GlobalSection(SolutionProperties) = preSolution
		HideSolutionNode = FALSE
	EndGlobalSection
	GlobalSection(ExtensibilityGlobals) = postSolution
		SolutionGuid = {15807D4B-05B4-4A93-AF65-7ED99A2FCCA9}
	EndGlobalSection
EndGlobal
